
Microsoft Visual Studio Solution File, Format Version 12.00
# Visual Studio 15
VisualStudioVersion = 15.0.28010.2026
MinimumVisualStudioVersion = 10.0.40219.1
Project("{8BC9CEB8-8B4A-11D0-8D11-00A0C91BC942}") = "CastleVania", "CastleVania\CastleVania.vcxproj", "{BE944973-48DF-4425-ADBE-C92BD322A6BE}"
EndProject
Global
	GlobalSection(SolutionConfigurationPlatforms) = preSolution
		Debug|x64 = Debug|x64
		Debug|x86 = Debug|x86
		Release|x64 = Release|x64
		Release|x86 = Release|x86
	EndGlobalSection
	GlobalSection(ProjectConfigurationPlatforms) = postSolution
		{BE944973-48DF-4425-ADBE-C92BD322A6BE}.Debug|x64.ActiveCfg = Debug|x64
		{BE944973-48DF-4425-ADBE-C92BD322A6BE}.Debug|x64.Build.0 = Debug|x64
		{BE944973-48DF-4425-ADBE-C92BD322A6BE}.Debug|x86.ActiveCfg = Debug|Win32
		{BE944973-48DF-4425-ADBE-C92BD322A6BE}.Debug|x86.Build.0 = Debug|Win32
		{BE944973-48DF-4425-ADBE-C92BD322A6BE}.Release|x64.ActiveCfg = Release|x64
		{BE944973-48DF-4425-ADBE-C92BD322A6BE}.Release|x64.Build.0 = Release|x64
		{BE944973-48DF-4425-ADBE-C92BD322A6BE}.Release|x86.ActiveCfg = Release|Win32
		{BE944973-48DF-4425-ADBE-C92BD322A6BE}.Release|x86.Build.0 = Release|Win32
	EndGlobalSection
	GlobalSection(SolutionProperties) = preSolution
		HideSolutionNode = FALSE
	EndGlobalSection
	GlobalSection(ExtensibilityGlobals) = postSolution
		SolutionGuid = {C952CA85-D455-468C-987A-33C692C07730}
	EndGlobalSection
EndGlobal
